
Microsoft Visual Studio Solution File, Format Version 12.00
# Visual Studio Version 17
VisualStudioVersion = 17.4.33205.214
MinimumVisualStudioVersion = 10.0.40219.1
Project("{FAE04EC0-301F-11D3-BF4B-00C04F79EFBC}") = "ApiMFAuth", "ApiMFAuth\ApiMFAuth.csproj", "{80F8F757-F27C-42FD-ADA4-C4ED5D831097}"
EndProject
Global
	GlobalSection(SolutionConfigurationPlatforms) = preSolution
		Debug|Any CPU = Debug|Any CPU
		Release|Any CPU = Release|Any CPU
	EndGlobalSection
	GlobalSection(ProjectConfigurationPlatforms) = postSolution
		{80F8F757-F27C-42FD-ADA4-C4ED5D831097}.Debug|Any CPU.ActiveCfg = Debug|Any CPU
		{80F8F757-F27C-42FD-ADA4-C4ED5D831097}.Debug|Any CPU.Build.0 = Debug|Any CPU
		{80F8F757-F27C-42FD-ADA4-C4ED5D831097}.Release|Any CPU.ActiveCfg = Release|Any CPU
		{80F8F757-F27C-42FD-ADA4-C4ED5D831097}.Release|Any CPU.Build.0 = Release|Any CPU
	EndGlobalSection
	GlobalSection(SolutionProperties) = preSolution
		HideSolutionNode = FALSE
	EndGlobalSection
	GlobalSection(ExtensibilityGlobals) = postSolution
		SolutionGuid = {2AEC4452-567E-4F08-9021-625A0406CC7F}
	EndGlobalSection
EndGlobal
